// !$*UTF8*$!
{
	archiveVersion = 1;
	classes = {
	};
	objectVersion = 55;
	objects = {

/* Begin PBXBuildFile section */
		5201F4663449A602073007AA /* Pods_EpubBookReader.framework in Frameworks */ = {isa = PBXBuildFile; fileRef = 8670F98AD48F35C40967A51C /* Pods_EpubBookReader.framework */; };
		C51E9DF728F8416200A972A6 /* Arabic_Book.epub in Resources */ = {isa = PBXBuildFile; fileRef = C51E9DF628F8415E00A972A6 /* Arabic_Book.epub */; };
		C51E9DF828F8416400A972A6 /* English_Book.epub in Resources */ = {isa = PBXBuildFile; fileRef = C51E9DF528F8415D00A972A6 /* English_Book.epub */; };
		C51E9DFC28F8533B00A972A6 /* .gitignore in Resources */ = {isa = PBXBuildFile; fileRef = C51E9DFB28F8533B00A972A6 /* .gitignore */; };
		C5678CB028D61F34001096BE /* AppDelegate.swift in Sources */ = {isa = PBXBuildFile; fileRef = C5678CAF28D61F34001096BE /* AppDelegate.swift */; };
		C5678CB428D61F34001096BE /* ViewController.swift in Sources */ = {isa = PBXBuildFile; fileRef = C5678CB328D61F34001096BE /* ViewController.swift */; };
		C5678CB728D61F34001096BE /* Main.storyboard in Resources */ = {isa = PBXBuildFile; fileRef = C5678CB528D61F34001096BE /* Main.storyboard */; };
		C5678CB928D61F35001096BE /* Assets.xcassets in Resources */ = {isa = PBXBuildFile; fileRef = C5678CB828D61F35001096BE /* Assets.xcassets */; };
		C5678CBC28D61F35001096BE /* LaunchScreen.storyboard in Resources */ = {isa = PBXBuildFile; fileRef = C5678CBA28D61F35001096BE /* LaunchScreen.storyboard */; };
		C5F905E52906FE710022521E /* LibraryListViewController.swift in Sources */ = {isa = PBXBuildFile; fileRef = C5F905E42906FE710022521E /* LibraryListViewController.swift */; };
/* End PBXBuildFile section */

/* Begin PBXFileReference section */
		8670F98AD48F35C40967A51C /* Pods_EpubBookReader.framework */ = {isa = PBXFileReference; explicitFileType = wrapper.framework; includeInIndex = 0; path = Pods_EpubBookReader.framework; sourceTree = BUILT_PRODUCTS_DIR; };
		A2FC3C88A5D1A1E5BE341FB5 /* Pods-EpubBookReader.debug.xcconfig */ = {isa = PBXFileReference; includeInIndex = 1; lastKnownFileType = text.xcconfig; name = "Pods-EpubBookReader.debug.xcconfig"; path = "Target Support Files/Pods-EpubBookReader/Pods-EpubBookReader.debug.xcconfig"; sourceTree = "<group>"; };
		C51E9DF528F8415D00A972A6 /* English_Book.epub */ = {isa = PBXFileReference; lastKnownFileType = file; path = English_Book.epub; sourceTree = "<group>"; };
		C51E9DF628F8415E00A972A6 /* Arabic_Book.epub */ = {isa = PBXFileReference; lastKnownFileType = file; path = Arabic_Book.epub; sourceTree = "<group>"; };
		C51E9DFB28F8533B00A972A6 /* .gitignore */ = {isa = PBXFileReference; fileEncoding = 4; lastKnownFileType = text; path = .gitignore; sourceTree = "<group>"; };
		C5678CAC28D61F34001096BE /* EpubBookReader.app */ = {isa = PBXFileReference; explicitFileType = wrapper.application; includeInIndex = 0; path = EpubBookReader.app; sourceTree = BUILT_PRODUCTS_DIR; };
		C5678CAF28D61F34001096BE /* AppDelegate.swift */ = {isa = PBXFileReference; lastKnownFileType = sourcecode.swift; path = AppDelegate.swift; sourceTree = "<group>"; };
		C5678CB328D61F34001096BE /* ViewController.swift */ = {isa = PBXFileReference; lastKnownFileType = sourcecode.swift; path = ViewController.swift; sourceTree = "<group>"; };
		C5678CB628D61F34001096BE /* Base */ = {isa = PBXFileReference; lastKnownFileType = file.storyboard; name = Base; path = Base.lproj/Main.storyboard; sourceTree = "<group>"; };
		C5678CB828D61F35001096BE /* Assets.xcassets */ = {isa = PBXFileReference; lastKnownFileType = folder.assetcatalog; path = Assets.xcassets; sourceTree = "<group>"; };
		C5678CBB28D61F35001096BE /* Base */ = {isa = PBXFileReference; lastKnownFileType = file.storyboard; name = Base; path = Base.lproj/LaunchScreen.storyboard; sourceTree = "<group>"; };
		C5678CBD28D61F35001096BE /* Info.plist */ = {isa = PBXFileReference; lastKnownFileType = text.plist.xml; path = Info.plist; sourceTree = "<group>"; };
		C5F905E42906FE710022521E /* LibraryListViewController.swift */ = {isa = PBXFileReference; lastKnownFileType = sourcecode.swift; path = LibraryListViewController.swift; sourceTree = "<group>"; };
		DCA771F555BBD0B9CBA5FC8B /* Pods-EpubBookReader.release.xcconfig */ = {isa = PBXFileReference; includeInIndex = 1; lastKnownFileType = text.xcconfig; name = "Pods-EpubBookReader.release.xcconfig"; path = "Target Support Files/Pods-EpubBookReader/Pods-EpubBookReader.release.xcconfig"; sourceTree = "<group>"; };
/* End PBXFileReference section */

/* Begin PBXFrameworksBuildPhase section */
		C5678CA928D61F34001096BE /* Frameworks */ = {
			isa = PBXFrameworksBuildPhase;
			buildActionMask = 2147483647;
			files = (
				5201F4663449A602073007AA /* Pods_EpubBookReader.framework in Frameworks */,
			);
			runOnlyForDeploymentPostprocessing = 0;
		};
/* End PBXFrameworksBuildPhase section */

/* Begin PBXGroup section */
		014F8107492AE50E66B61A81 /* Frameworks */ = {
			isa = PBXGroup;
			children = (
				8670F98AD48F35C40967A51C /* Pods_EpubBookReader.framework */,
			);
			name = Frameworks;
			sourceTree = "<group>";
		};
		5AE0911A1AA993142F5B458E /* Pods */ = {
			isa = PBXGroup;
			children = (
				A2FC3C88A5D1A1E5BE341FB5 /* Pods-EpubBookReader.debug.xcconfig */,
				DCA771F555BBD0B9CBA5FC8B /* Pods-EpubBookReader.release.xcconfig */,
			);
			path = Pods;
			sourceTree = "<group>";
		};
		C5678CA328D61F34001096BE = {
			isa = PBXGroup;
			children = (
				C51E9DFB28F8533B00A972A6 /* .gitignore */,
				C5678CAE28D61F34001096BE /* EpubBookReader */,
				C5678CAD28D61F34001096BE /* Products */,
				5AE0911A1AA993142F5B458E /* Pods */,
				014F8107492AE50E66B61A81 /* Frameworks */,
			);
			sourceTree = "<group>";
		};
		C5678CAD28D61F34001096BE /* Products */ = {
			isa = PBXGroup;
			children = (
				C5678CAC28D61F34001096BE /* EpubBookReader.app */,
			);
			name = Products;
			sourceTree = "<group>";
		};
		C5678CAE28D61F34001096BE /* EpubBookReader */ = {
			isa = PBXGroup;
			children = (
				C5678CAF28D61F34001096BE /* AppDelegate.swift */,
				C5678CB528D61F34001096BE /* Main.storyboard */,
				C5678CB328D61F34001096BE /* ViewController.swift */,
				C5F905E42906FE710022521E /* LibraryListViewController.swift */,
				C5678CB828D61F35001096BE /* Assets.xcassets */,
				C5678CBA28D61F35001096BE /* LaunchScreen.storyboard */,
				C5678CBD28D61F35001096BE /* Info.plist */,
				C51E9DF628F8415E00A972A6 /* Arabic_Book.epub */,
				C51E9DF528F8415D00A972A6 /* English_Book.epub */,
			);
			path = EpubBookReader;
			sourceTree = "<group>";
		};
/* End PBXGroup section */

/* Begin PBXNativeTarget section */
		C5678CAB28D61F34001096BE /* EpubBookReader */ = {
			isa = PBXNativeTarget;
			buildConfigurationList = C5678CC028D61F35001096BE /* Build configuration list for PBXNativeTarget "EpubBookReader" */;
			buildPhases = (
				FEA4CD3CE4F4FF097593DA4C /* [CP] Check Pods Manifest.lock */,
				C5678CA828D61F34001096BE /* Sources */,
				C5678CA928D61F34001096BE /* Frameworks */,
				C5678CAA28D61F34001096BE /* Resources */,
				B5A98D569353AB4774E55550 /* [CP] Embed Pods Frameworks */,
			);
			buildRules = (
			);
			dependencies = (
			);
			name = EpubBookReader;
			productName = EpubBookReader;
			productReference = C5678CAC28D61F34001096BE /* EpubBookReader.app */;
			productType = "com.apple.product-type.application";
		};
/* End PBXNativeTarget section */

/* Begin PBXProject section */
		C5678CA428D61F34001096BE /* Project object */ = {
			isa = PBXProject;
			attributes = {
				BuildIndependentTargetsInParallel = 1;
				LastSwiftUpdateCheck = 1340;
				LastUpgradeCheck = 1340;
				TargetAttributes = {
					C5678CAB28D61F34001096BE = {
						CreatedOnToolsVersion = 13.4.1;
					};
				};
			};
			buildConfigurationList = C5678CA728D61F34001096BE /* Build configuration list for PBXProject "EpubBookReader" */;
			compatibilityVersion = "Xcode 13.0";
			developmentRegion = en;
			hasScannedForEncodings = 0;
			knownRegions = (
				en,
				Base,
			);
			mainGroup = C5678CA328D61F34001096BE;
			productRefGroup = C5678CAD28D61F34001096BE /* Products */;
			projectDirPath = "";
			projectRoot = "";
			targets = (
				C5678CAB28D61F34001096BE /* EpubBookReader */,
			);
		};
/* End PBXProject section */

/* Begin PBXResourcesBuildPhase section */
		C5678CAA28D61F34001096BE /* Resources */ = {
			isa = PBXResourcesBuildPhase;
			buildActionMask = 2147483647;
			files = (
				C5678CBC28D61F35001096BE /* LaunchScreen.storyboard in Resources */,
				C51E9DF828F8416400A972A6 /* English_Book.epub in Resources */,
				C5678CB928D61F35001096BE /* Assets.xcassets in Resources */,
				C51E9DF728F8416200A972A6 /* Arabic_Book.epub in Resources */,
				C51E9DFC28F8533B00A972A6 /* .gitignore in Resources */,
				C5678CB728D61F34001096BE /* Main.storyboard in Resources */,
			);
			runOnlyForDeploymentPostprocessing = 0;
		};
/* End PBXResourcesBuildPhase section */

/* Begin PBXShellScriptBuildPhase section */
		B5A98D569353AB4774E55550 /* [CP] Embed Pods Frameworks */ = {
			isa = PBXShellScriptBuildPhase;
			buildActionMask = 2147483647;
			files = (
			);
			inputFileListPaths = (
				"${PODS_ROOT}/Target Support Files/Pods-EpubBookReader/Pods-EpubBookReader-frameworks-${CONFIGURATION}-input-files.xcfilelist",
			);
			name = "[CP] Embed Pods Frameworks";
			outputFileListPaths = (
				"${PODS_ROOT}/Target Support Files/Pods-EpubBookReader/Pods-EpubBookReader-frameworks-${CONFIGURATION}-output-files.xcfilelist",
			);
			runOnlyForDeploymentPostprocessing = 0;
			shellPath = /bin/sh;
			shellScript = "\"${PODS_ROOT}/Target Support Files/Pods-EpubBookReader/Pods-EpubBookReader-frameworks.sh\"\n";
			showEnvVarsInLog = 0;
		};
		FEA4CD3CE4F4FF097593DA4C /* [CP] Check Pods Manifest.lock */ = {
			isa = PBXShellScriptBuildPhase;
			buildActionMask = 2147483647;
			files = (
			);
			inputFileListPaths = (
			);
			inputPaths = (
				"${PODS_PODFILE_DIR_PATH}/Podfile.lock",
				"${PODS_ROOT}/Manifest.lock",
			);
			name = "[CP] Check Pods Manifest.lock";
			outputFileListPaths = (
			);
			outputPaths = (
				"$(DERIVED_FILE_DIR)/Pods-EpubBookReader-checkManifestLockResult.txt",
			);
			runOnlyForDeploymentPostprocessing = 0;
			shellPath = /bin/sh;
			shellScript = "diff \"${PODS_PODFILE_DIR_PATH}/Podfile.lock\" \"${PODS_ROOT}/Manifest.lock\" > /dev/null\nif [ $? != 0 ] ; then\n    # print error to STDERR\n    echo \"error: The sandbox is not in sync with the Podfile.lock. Run 'pod install' or update your CocoaPods installation.\" >&2\n    exit 1\nfi\n# This output is used by Xcode 'outputs' to avoid re-running this script phase.\necho \"SUCCESS\" > \"${SCRIPT_OUTPUT_FILE_0}\"\n";
			showEnvVarsInLog = 0;
		};
/* End PBXShellScriptBuildPhase section */

/* Begin PBXSourcesBuildPhase section */
		C5678CA828D61F34001096BE /* Sources */ = {
			isa = PBXSourcesBuildPhase;
			buildActionMask = 2147483647;
			files = (
				C5F905E52906FE710022521E /* LibraryListViewController.swift in Sources */,
				C5678CB428D61F34001096BE /* ViewController.swift in Sources */,
				C5678CB028D61F34001096BE /* AppDelegate.swift in Sources */,
			);
			runOnlyForDeploymentPostprocessing = 0;
		};
/* End PBXSourcesBuildPhase section */

/* Begin PBXVariantGroup section */
		C5678CB528D61F34001096BE /* Main.storyboard */ = {
			isa = PBXVariantGroup;
			children = (
				C5678CB628D61F34001096BE /* Base */,
			);
			name = Main.storyboard;
			sourceTree = "<group>";
		};
		C5678CBA28D61F35001096BE /* LaunchScreen.storyboard */ = {
			isa = PBXVariantGroup;
			children = (
				C5678CBB28D61F35001096BE /* Base */,
			);
			name = LaunchScreen.storyboard;
			sourceTree = "<group>";
		};
/* End PBXVariantGroup section */

/* Begin XCBuildConfiguration section */
		C5678CBE28D61F35001096BE /* Debug */ = {
			isa = XCBuildConfiguration;
			buildSettings = {
				ALWAYS_SEARCH_USER_PATHS = NO;
				CLANG_ANALYZER_NONNULL = YES;
				CLANG_ANALYZER_NUMBER_OBJECT_CONVERSION = YES_AGGRESSIVE;
				CLANG_CXX_LANGUAGE_STANDARD = "gnu++17";
				CLANG_ENABLE_MODULES = YES;
				CLANG_ENABLE_OBJC_ARC = YES;
				CLANG_ENABLE_OBJC_WEAK = YES;
				CLANG_WARN_BLOCK_CAPTURE_AUTORELEASING = YES;
				CLANG_WARN_BOOL_CONVERSION = YES;
				CLANG_WARN_COMMA = YES;
				CLANG_WARN_CONSTANT_CONVERSION = YES;
				CLANG_WARN_DEPRECATED_OBJC_IMPLEMENTATIONS = YES;
				CLANG_WARN_DIRECT_OBJC_ISA_USAGE = YES_ERROR;
				CLANG_WARN_DOCUMENTATION_COMMENTS = YES;
				CLANG_WARN_EMPTY_BODY = YES;
				CLANG_WARN_ENUM_CONVERSION = YES;
				CLANG_WARN_INFINITE_RECURSION = YES;
				CLANG_WARN_INT_CONVERSION = YES;
				CLANG_WARN_NON_LITERAL_NULL_CONVERSION = YES;
				CLANG_WARN_OBJC_IMPLICIT_RETAIN_SELF = YES;
				CLANG_WARN_OBJC_LITERAL_CONVERSION = YES;
				CLANG_WARN_OBJC_ROOT_CLASS = YES_ERROR;
				CLANG_WARN_QUOTED_INCLUDE_IN_FRAMEWORK_HEADER = YES;
				CLANG_WARN_RANGE_LOOP_ANALYSIS = YES;
				CLANG_WARN_STRICT_PROTOTYPES = YES;
				CLANG_WARN_SUSPICIOUS_MOVE = YES;
				CLANG_WARN_UNGUARDED_AVAILABILITY = YES_AGGRESSIVE;
				CLANG_WARN_UNREACHABLE_CODE = YES;
				CLANG_WARN__DUPLICATE_METHOD_MATCH = YES;
				COPY_PHASE_STRIP = NO;
				DEBUG_INFORMATION_FORMAT = dwarf;
				ENABLE_STRICT_OBJC_MSGSEND = YES;
				ENABLE_TESTABILITY = YES;
				GCC_C_LANGUAGE_STANDARD = gnu11;
				GCC_DYNAMIC_NO_PIC = NO;
				GCC_NO_COMMON_BLOCKS = YES;
				GCC_OPTIMIZATION_LEVEL = 0;
				GCC_PREPROCESSOR_DEFINITIONS = (
					"DEBUG=1",
					"$(inherited)",
				);
				GCC_WARN_64_TO_32_BIT_CONVERSION = YES;
				GCC_WARN_ABOUT_RETURN_TYPE = YES_ERROR;
				GCC_WARN_UNDECLARED_SELECTOR = YES;
				GCC_WARN_UNINITIALIZED_AUTOS = YES_AGGRESSIVE;
				GCC_WARN_UNUSED_FUNCTION = YES;
				GCC_WARN_UNUSED_VARIABLE = YES;
				IPHONEOS_DEPLOYMENT_TARGET = 15.5;
				MTL_ENABLE_DEBUG_INFO = INCLUDE_SOURCE;
				MTL_FAST_MATH = YES;
				ONLY_ACTIVE_ARCH = YES;
				SDKROOT = iphoneos;
				SWIFT_ACTIVE_COMPILATION_CONDITIONS = DEBUG;
				SWIFT_OPTIMIZATION_LEVEL = "-Onone";
			};
			name = Debug;
		};
		C5678CBF28D61F35001096BE /* Release */ = {
			isa = XCBuildConfiguration;
			buildSettings = {
				ALWAYS_SEARCH_USER_PATHS = NO;
				CLANG_ANALYZER_NONNULL = YES;
				CLANG_ANALYZER_NUMBER_OBJECT_CONVERSION = YES_AGGRESSIVE;
				CLANG_CXX_LANGUAGE_STANDARD = "gnu++17";
				CLANG_ENABLE_MODULES = YES;
				CLANG_ENABLE_OBJC_ARC = YES;
				CLANG_ENABLE_OBJC_WEAK = YES;
				CLANG_WARN_BLOCK_CAPTURE_AUTORELEASING = YES;
				CLANG_WARN_BOOL_CONVERSION = YES;
				CLANG_WARN_COMMA = YES;
				CLANG_WARN_CONSTANT_CONVERSION = YES;
				CLANG_WARN_DEPRECATED_OBJC_IMPLEMENTATIONS = YES;
				CLANG_WARN_DIRECT_OBJC_ISA_USAGE = YES_ERROR;
				CLANG_WARN_DOCUMENTATION_COMMENTS = YES;
				CLANG_WARN_EMPTY_BODY = YES;
				CLANG_WARN_ENUM_CONVERSION = YES;
				CLANG_WARN_INFINITE_RECURSION = YES;
				CLANG_WARN_INT_CONVERSION = YES;
				CLANG_WARN_NON_LITERAL_NULL_CONVERSION = YES;
				CLANG_WARN_OBJC_IMPLICIT_RETAIN_SELF = YES;
				CLANG_WARN_OBJC_LITERAL_CONVERSION = YES;
				CLANG_WARN_OBJC_ROOT_CLASS = YES_ERROR;
				CLANG_WARN_QUOTED_INCLUDE_IN_FRAMEWORK_HEADER = YES;
				CLANG_WARN_RANGE_LOOP_ANALYSIS = YES;
				CLANG_WARN_STRICT_PROTOTYPES = YES;
				CLANG_WARN_SUSPICIOUS_MOVE = YES;
				CLANG_WARN_UNGUARDED_AVAILABILITY = YES_AGGRESSIVE;
				CLANG_WARN_UNREACHABLE_CODE = YES;
				CLANG_WARN__DUPLICATE_METHOD_MATCH = YES;
				COPY_PHASE_STRIP = NO;
				DEBUG_INFORMATION_FORMAT = "dwarf-with-dsym";
				ENABLE_NS_ASSERTIONS = NO;
				ENABLE_STRICT_OBJC_MSGSEND = YES;
				GCC_C_LANGUAGE_STANDARD = gnu11;
				GCC_NO_COMMON_BLOCKS = YES;
				GCC_WARN_64_TO_32_BIT_CONVERSION = YES;
				GCC_WARN_ABOUT_RETURN_TYPE = YES_ERROR;
				GCC_WARN_UNDECLARED_SELECTOR = YES;
				GCC_WARN_UNINITIALIZED_AUTOS = YES_AGGRESSIVE;
				GCC_WARN_UNUSED_FUNCTION = YES;
				GCC_WARN_UNUSED_VARIABLE = YES;
				IPHONEOS_DEPLOYMENT_TARGET = 15.5;
				MTL_ENABLE_DEBUG_INFO = NO;
				MTL_FAST_MATH = YES;
				SDKROOT = iphoneos;
				SWIFT_COMPILATION_MODE = wholemodule;
				SWIFT_OPTIMIZATION_LEVEL = "-O";
				VALIDATE_PRODUCT = YES;
			};
			name = Release;
		};
		C5678CC128D61F35001096BE /* Debug */ = {
			isa = XCBuildConfiguration;
			baseConfigurationReference = A2FC3C88A5D1A1E5BE341FB5 /* Pods-EpubBookReader.debug.xcconfig */;
			buildSettings = {
				ASSETCATALOG_COMPILER_APPICON_NAME = AppIcon;
				ASSETCATALOG_COMPILER_GLOBAL_ACCENT_COLOR_NAME = AccentColor;
				CODE_SIGN_STYLE = Manual;
				CURRENT_PROJECT_VERSION = 1;
				DEVELOPMENT_TEAM = "";
				GENERATE_INFOPLIST_FILE = YES;
				INFOPLIST_FILE = EpubBookReader/Info.plist;
				INFOPLIST_KEY_UIApplicationSupportsIndirectInputEvents = YES;
				INFOPLIST_KEY_UILaunchStoryboardName = LaunchScreen;
				INFOPLIST_KEY_UIMainStoryboardFile = Main;
				INFOPLIST_KEY_UISupportedInterfaceOrientations_iPad = "UIInterfaceOrientationPortrait UIInterfaceOrientationPortraitUpsideDown UIInterfaceOrientationLandscapeLeft UIInterfaceOrientationLandscapeRight";
				INFOPLIST_KEY_UISupportedInterfaceOrientations_iPhone = "UIInterfaceOrientationPortrait UIInterfaceOrientationLandscapeLeft UIInterfaceOrientationLandscapeRight";
				LD_RUNPATH_SEARCH_PATHS = (
					"$(inherited)",
					"@executable_path/Frameworks",
				);
				MARKETING_VERSION = 1.0;
				PRODUCT_BUNDLE_IDENTIFIER = com.apps.EpubBookReader;
				PRODUCT_NAME = "$(TARGET_NAME)";
				PROVISIONING_PROFILE_SPECIFIER = "";
				SWIFT_EMIT_LOC_STRINGS = YES;
				SWIFT_VERSION = 5.0;
				TARGETED_DEVICE_FAMILY = "1,2";
			};
			name = Debug;
		};
		C5678CC228D61F35001096BE /* Release */ = {
			isa = XCBuildConfiguration;
			baseConfigurationReference = DCA771F555BBD0B9CBA5FC8B /* Pods-EpubBookReader.release.xcconfig */;
			buildSettings = {
				ASSETCATALOG_COMPILER_APPICON_NAME = AppIcon;
				ASSETCATALOG_COMPILER_GLOBAL_ACCENT_COLOR_NAME = AccentColor;
				CODE_SIGN_STYLE = Manual;
				CURRENT_PROJECT_VERSION = 1;
				DEVELOPMENT_TEAM = "";
				GENERATE_INFOPLIST_FILE = YES;
				INFOPLIST_FILE = EpubBookReader/Info.plist;
				INFOPLIST_KEY_UIApplicationSupportsIndirectInputEvents = YES;
				INFOPLIST_KEY_UILaunchStoryboardName = LaunchScreen;
				INFOPLIST_KEY_UIMainStoryboardFile = Main;
				INFOPLIST_KEY_UISupportedInterfaceOrientations_iPad = "UIInterfaceOrientationPortrait UIInterfaceOrientationPortraitUpsideDown UIInterfaceOrientationLandscapeLeft UIInterfaceOrientationLandscapeRight";
				INFOPLIST_KEY_UISupportedInterfaceOrientations_iPhone = "UIInterfaceOrientationPortrait UIInterfaceOrientationLandscapeLeft UIInterfaceOrientationLandscapeRight";
				LD_RUNPATH_SEARCH_PATHS = (
					"$(inherited)",
					"@executable_path/Frameworks",
				);
				MARKETING_VERSION = 1.0;
				PRODUCT_BUNDLE_IDENTIFIER = com.apps.EpubBookReader;
				PRODUCT_NAME = "$(TARGET_NAME)";
				PROVISIONING_PROFILE_SPECIFIER = "";
				SWIFT_EMIT_LOC_STRINGS = YES;
				SWIFT_VERSION = 5.0;
				TARGETED_DEVICE_FAMILY = "1,2";
			};
			name = Release;
		};
/* End XCBuildConfiguration section */

/* Begin XCConfigurationList section */
		C5678CA728D61F34001096BE /* Build configuration list for PBXProject "EpubBookReader" */ = {
			isa = XCConfigurationList;
			buildConfigurations = (
				C5678CBE28D61F35001096BE /* Debug */,
				C5678CBF28D61F35001096BE /* Release */,
			);
			defaultConfigurationIsVisible = 0;
			defaultConfigurationName = Release;
		};
		C5678CC028D61F35001096BE /* Build configuration list for PBXNativeTarget "EpubBookReader" */ = {
			isa = XCConfigurationList;
			buildConfigurations = (
				C5678CC128D61F35001096BE /* Debug */,
				C5678CC228D61F35001096BE /* Release */,
			);
			defaultConfigurationIsVisible = 0;
			defaultConfigurationName = Release;
		};
/* End XCConfigurationList section */
	};
	rootObject = C5678CA428D61F34001096BE /* Project object */;
}
